
Microsoft Visual Studio Solution File, Format Version 12.00
# Visual Studio 15
VisualStudioVersion = 15.0.28307.902
MinimumVisualStudioVersion = 10.0.40219.1
Project("{FAE04EC0-301F-11D3-BF4B-00C04F79EFBC}") = "ZMCMSSys", "ZMCMSSys\ZMCMSSys.csproj", "{FD4280C9-782D-4B13-8C9C-76BC4DE4E074}"
EndProject
Global
	GlobalSection(SolutionConfigurationPlatforms) = preSolution
		Debug|Any CPU = Debug|Any CPU
		Release|Any CPU = Release|Any CPU
	EndGlobalSection
	GlobalSection(ProjectConfigurationPlatforms) = postSolution
		{FD4280C9-782D-4B13-8C9C-76BC4DE4E074}.Debug|Any CPU.ActiveCfg = Debug|Any CPU
		{FD4280C9-782D-4B13-8C9C-76BC4DE4E074}.Debug|Any CPU.Build.0 = Debug|Any CPU
		{FD4280C9-782D-4B13-8C9C-76BC4DE4E074}.Release|Any CPU.ActiveCfg = Release|Any CPU
		{FD4280C9-782D-4B13-8C9C-76BC4DE4E074}.Release|Any CPU.Build.0 = Release|Any CPU
	EndGlobalSection
	GlobalSection(SolutionProperties) = preSolution
		HideSolutionNode = FALSE
	EndGlobalSection
	GlobalSection(ExtensibilityGlobals) = postSolution
		SolutionGuid = {DCD9EF4B-4E18-487C-897C-7D0907181D23}
	EndGlobalSection
EndGlobal
